
Microsoft Visual Studio Solution File, Format Version 12.00
# Visual Studio 2012
Project("{FAE04EC0-301F-11D3-BF4B-00C04F79EFBC}") = "PastaRecipe", "PastaRecipe\PastaRecipe.csproj", "{9B13C2BC-F744-4A6D-9390-0CD82A6E314B}"
EndProject
Project("{FAE04EC0-301F-11D3-BF4B-00C04F79EFBC}") = "PastaRecipe.Tests", "PastaRecipe.Tests\PastaRecipe.Tests.csproj", "{97724733-6618-438D-AD66-A5BD1733278B}"
EndProject
Project("{2150E333-8FDC-42A3-9474-1A3956D46DE8}") = "Solution Items", "Solution Items", "{BBDA917F-C3E1-4559-9FD7-087D52360507}"
	ProjectSection(SolutionItems) = preProject
		Readme.md = Readme.md
	EndProjectSection
EndProject
Project("{2150E333-8FDC-42A3-9474-1A3956D46DE8}") = ".nuget", ".nuget", "{4F2DDC9B-2EBF-4861-BBB6-F9837E43B1EB}"
	ProjectSection(SolutionItems) = preProject
		.nuget\NuGet.Config = .nuget\NuGet.Config
		.nuget\NuGet.exe = .nuget\NuGet.exe
		.nuget\NuGet.targets = .nuget\NuGet.targets
	EndProjectSection
EndProject
Global
	GlobalSection(SolutionConfigurationPlatforms) = preSolution
		Debug|Any CPU = Debug|Any CPU
		Release|Any CPU = Release|Any CPU
	EndGlobalSection
	GlobalSection(ProjectConfigurationPlatforms) = postSolution
		{9B13C2BC-F744-4A6D-9390-0CD82A6E314B}.Debug|Any CPU.ActiveCfg = Debug|Any CPU
		{9B13C2BC-F744-4A6D-9390-0CD82A6E314B}.Debug|Any CPU.Build.0 = Debug|Any CPU
		{9B13C2BC-F744-4A6D-9390-0CD82A6E314B}.Release|Any CPU.ActiveCfg = Release|Any CPU
		{9B13C2BC-F744-4A6D-9390-0CD82A6E314B}.Release|Any CPU.Build.0 = Release|Any CPU
		{97724733-6618-438D-AD66-A5BD1733278B}.Debug|Any CPU.ActiveCfg = Debug|Any CPU
		{97724733-6618-438D-AD66-A5BD1733278B}.Debug|Any CPU.Build.0 = Debug|Any CPU
		{97724733-6618-438D-AD66-A5BD1733278B}.Release|Any CPU.ActiveCfg = Release|Any CPU
		{97724733-6618-438D-AD66-A5BD1733278B}.Release|Any CPU.Build.0 = Release|Any CPU
	EndGlobalSection
	GlobalSection(SolutionProperties) = preSolution
		HideSolutionNode = FALSE
	EndGlobalSection
EndGlobal
