
Microsoft Visual Studio Solution File, Format Version 12.00
# Visual Studio 2012
Project("{FAE04EC0-301F-11D3-BF4B-00C04F79EFBC}") = "OutsideInHexagonal", "OutsideInHexagonal\OutsideInHexagonal.csproj", "{9B13C2BC-F744-4A6D-9390-0CD82A6E314B}"
EndProject
Project("{FAE04EC0-301F-11D3-BF4B-00C04F79EFBC}") = "OutsideInHexagonal.Tests", "OutsideInHexagonal.Tests\OutsideInHexagonal.Tests.csproj", "{97724733-6618-438D-AD66-A5BD1733278B}"
EndProject
Global
	GlobalSection(SolutionConfigurationPlatforms) = preSolution
		Debug|Any CPU = Debug|Any CPU
		Release|Any CPU = Release|Any CPU
	EndGlobalSection
	GlobalSection(ProjectConfigurationPlatforms) = postSolution
		{9B13C2BC-F744-4A6D-9390-0CD82A6E314B}.Debug|Any CPU.ActiveCfg = Debug|Any CPU
		{9B13C2BC-F744-4A6D-9390-0CD82A6E314B}.Debug|Any CPU.Build.0 = Debug|Any CPU
		{9B13C2BC-F744-4A6D-9390-0CD82A6E314B}.Release|Any CPU.ActiveCfg = Release|Any CPU
		{9B13C2BC-F744-4A6D-9390-0CD82A6E314B}.Release|Any CPU.Build.0 = Release|Any CPU
		{97724733-6618-438D-AD66-A5BD1733278B}.Debug|Any CPU.ActiveCfg = Debug|Any CPU
		{97724733-6618-438D-AD66-A5BD1733278B}.Debug|Any CPU.Build.0 = Debug|Any CPU
		{97724733-6618-438D-AD66-A5BD1733278B}.Release|Any CPU.ActiveCfg = Release|Any CPU
		{97724733-6618-438D-AD66-A5BD1733278B}.Release|Any CPU.Build.0 = Release|Any CPU
	EndGlobalSection
	GlobalSection(SolutionProperties) = preSolution
		HideSolutionNode = FALSE
	EndGlobalSection
EndGlobal
